github.com/ByteDeskAI/bytedesk-remote-gateway-plugin-sdk v0.4.0-rc.2 h1:xTY4efhQvddtBYUlEVuI2sHjeuS8ANqhikPwEMpTwoc=
github.com/ByteDeskAI/bytedesk-remote-gateway-plugin-sdk v0.4.0-rc.2/go.mod h1:BU+XLjUpVDTghDddmpm5wFCJljqnrAIdULUs9rydvlA=
github.com/ByteDeskAI/bytedesk-remote-gateway-plugin-sdk v0.4.0-rc.3 h1:K8cf+DOfvz1sD2xB//vOl/0N8RJ0ZNr49EDMLv9LVZ0=
github.com/ByteDeskAI/bytedesk-remote-gateway-plugin-sdk v0.4.0-rc.3/go.mod h1:BU+XLjUpVDTghDddmpm5wFCJljqnrAIdULUs9rydvlA=
github.com/ByteDeskAI/bytedesk-remote-gateway-plugin-sdk v0.4.0-rc.4 h1:3aCZ+KaJRhlH+Ar5gbQQ1GTWfOX77ry+GvE8Px9vno4=
github.com/ByteDeskAI/bytedesk-remote-gateway-plugin-sdk v0.4.0-rc.4/go.mod h1:rGrWeW9BIpYdwVS/HYW7l1HlwWQGEeF53zGrJcKKzJw=
github.com/ByteDeskAI/bytedesk-sdk-dependencies v0.4.0-rc.2 h1:5yNpbH0VNGmZyjxDpKo9MYQBI6CfRsSrYklqE72KKO4=
github.com/ByteDeskAI/bytedesk-sdk-dependencies v0.4.0-rc.2/go.mod h1:L6f3GnfqffpD6FCg0cNrQFQF3nSbNtGBdqCnzy5LvYo=
github.com/ByteDeskAI/bytedesk-sdk-dependencies v0.4.0-rc.3 h1:bGl7eZlw9+4upKWT+H8B/QTNhGMziT7Dp4Ohser0Ito=
github.com/ByteDeskAI/bytedesk-sdk-dependencies v0.4.0-rc.3/go.mod h1:L6f3GnfqffpD6FCg0cNrQFQF3nSbNtGBdqCnzy5LvYo=
